{
  "requires": true,
  "lockfileVersion": 1,
  "dependencies": {
    "he": {
      "version": "1.2.0",
      "resolved": "https://registry.npmjs.org/he/-/he-1.2.0.tgz",
      "integrity": "sha512-F/1DnUGPopORZi0ni+CvrCgHQ5FyEAHRLSApuYWMmrbSwoN2Mn/7k+Gl38gJnR7yyDZk6WLXwiGod1JOWNDKGw=="
    },
    "node-fetch": {
      "version": "2.6.0",
      "resolved": "https://registry.npmjs.org/node-fetch/-/node-fetch-2.6.0.tgz",
      "integrity": "sha512-8dG4H5ujfvFiqDmVu9fQ5bOHUC15JMjMY/Zumv26oOvvVJjM67KF8koCWIabKQ1GJIa9r2mMZscBq/TbdOcmNA=="
    },
    "node-html-parser": {
      "version": "1.2.18",
      "resolved": "https://registry.npmjs.org/node-html-parser/-/node-html-parser-1.2.18.tgz",
      "integrity": "sha512-DypklUSTuY9JDfYWz/NZYZA8mvgKmjRmHZe7at0H6O4KoXcs8QSpnH5mFk888gLsqXXRMVNmJGk/FdqaO9T1UQ==",
      "requires": {
        "he": "1.1.1"
      },
      "dependencies": {
        "he": {
          "version": "1.1.1",
          "resolved": "https://registry.npmjs.org/he/-/he-1.1.1.tgz",
          "integrity": "sha1-k0EP0hsAlzUVH4howvJx80J+I/0="
        }
      }
    }
  }
}
